
Microsoft Visual Studio Solution File, Format Version 12.00
# Visual Studio 15
VisualStudioVersion = 15.0.28307.572
MinimumVisualStudioVersion = 10.0.40219.1
Project("{FAE04EC0-301F-11D3-BF4B-00C04F79EFBC}") = "CBSAdvisor.Web", "CBSAdvisor.Web\CBSAdvisor.Web.csproj", "{FAD56853-3D17-43D0-ABB6-527C54E6ECF4}"
EndProject
Global
	GlobalSection(SolutionConfigurationPlatforms) = preSolution
		Debug|Any CPU = Debug|Any CPU
		Release|Any CPU = Release|Any CPU
	EndGlobalSection
	GlobalSection(ProjectConfigurationPlatforms) = postSolution
		{FAD56853-3D17-43D0-ABB6-527C54E6ECF4}.Debug|Any CPU.ActiveCfg = Debug|Any CPU
		{FAD56853-3D17-43D0-ABB6-527C54E6ECF4}.Debug|Any CPU.Build.0 = Debug|Any CPU
		{FAD56853-3D17-43D0-ABB6-527C54E6ECF4}.Release|Any CPU.ActiveCfg = Release|Any CPU
		{FAD56853-3D17-43D0-ABB6-527C54E6ECF4}.Release|Any CPU.Build.0 = Release|Any CPU
	EndGlobalSection
	GlobalSection(SolutionProperties) = preSolution
		HideSolutionNode = FALSE
	EndGlobalSection
	GlobalSection(ExtensibilityGlobals) = postSolution
		SolutionGuid = {EC178BD0-4E1D-4D74-9A92-CFD5D0ABD384}
	EndGlobalSection
EndGlobal
